
Microsoft Visual Studio Solution File, Format Version 12.00
# Visual Studio Version 17
VisualStudioVersion = 17.3.32922.545
MinimumVisualStudioVersion = 10.0.40219.1
Project("{FAE04EC0-301F-11D3-BF4B-00C04F79EFBC}") = "BTVN_B5_4", "BTVN_B5_4.csproj", "{18BA4959-0C60-441F-845A-32E6515B728D}"
EndProject
Global
	GlobalSection(SolutionConfigurationPlatforms) = preSolution
		Debug|Any CPU = Debug|Any CPU
		Release|Any CPU = Release|Any CPU
	EndGlobalSection
	GlobalSection(ProjectConfigurationPlatforms) = postSolution
		{18BA4959-0C60-441F-845A-32E6515B728D}.Debug|Any CPU.ActiveCfg = Debug|Any CPU
		{18BA4959-0C60-441F-845A-32E6515B728D}.Debug|Any CPU.Build.0 = Debug|Any CPU
		{18BA4959-0C60-441F-845A-32E6515B728D}.Release|Any CPU.ActiveCfg = Release|Any CPU
		{18BA4959-0C60-441F-845A-32E6515B728D}.Release|Any CPU.Build.0 = Release|Any CPU
	EndGlobalSection
	GlobalSection(SolutionProperties) = preSolution
		HideSolutionNode = FALSE
	EndGlobalSection
	GlobalSection(ExtensibilityGlobals) = postSolution
		SolutionGuid = {7DB454B6-6AC9-4475-8727-71E6317BDA58}
	EndGlobalSection
EndGlobal
